<?xml version="1.0" encoding="utf-8"?>
<Project ToolsVersion="4.0" xmlns="http://schemas.microsoft.com/developer/msbuild/2003">
  <ItemGroup>
    <Filter Include="源文件">
      <UniqueIdentifier>{4FC737F1-C7A5-4376-A066-2A32D752A2FF}</UniqueIdentifier>
      <Extensions>cpp;c;cc;cxx;def;odl;idl;hpj;bat;asm;asmx</Extensions>
    </Filter>
    <Filter Include="头文件">
      <UniqueIdentifier>{93995380-89BD-4b04-88EB-625FBE52EBFB}</UniqueIdentifier>
      <Extensions>h;hh;hpp;hxx;hm;inl;inc;xsd</Extensions>
    </Filter>
    <Filter Include="资源文件">
      <UniqueIdentifier>{67DA6AB6-F800-4c08-8B7A-83BB121AAD01}</UniqueIdentifier>
      <Extensions>rc;ico;cur;bmp;dlg;rc2;rct;bin;rgs;gif;jpg;jpeg;jpe;resx;tiff;tif;png;wav;mfcribbon-ms</Extensions>
    </Filter>
    <Filter Include="Main">
      <UniqueIdentifier>{1f4842cf-6655-4315-8628-c1d36f739cf5}</UniqueIdentifier>
    </Filter>
    <Filter Include="NetInterface">
      <UniqueIdentifier>{a49d65e8-acd0-41cb-89ba-4764040d33e2}</UniqueIdentifier>
    </Filter>
    <Filter Include="Common">
      <UniqueIdentifier>{2e0329f1-1040-4b0a-8429-521797c15dfe}</UniqueIdentifier>
    </Filter>
    <Filter Include="Message">
      <UniqueIdentifier>{f57936ed-c294-4ec4-90de-37a1b6bdbd66}</UniqueIdentifier>
    </Filter>
  </ItemGroup>
  <ItemGroup>
    <ClCompile Include="Main.cpp">
      <Filter>Main</Filter>
    </ClCompile>
    <ClCompile Include="CubbyApp.cpp">
      <Filter>Main</Filter>
    </ClCompile>
    <ClCompile Include="CubbyNetLogic.cpp">
      <Filter>NetInterface</Filter>
    </ClCompile>
    <ClCompile Include="GCSession.cpp">
      <Filter>NetInterface</Filter>
    </ClCompile>
    <ClCompile Include="..\..\Include\Common\ConfigManager.cpp">
      <Filter>Common</Filter>
    </ClCompile>
    <ClCompile Include="..\..\Include\Common\ProtoMessage.cpp">
      <Filter>Common</Filter>
    </ClCompile>
    <ClCompile Include="..\..\Include\Message\ClientMsg.pb.cc">
      <Filter>Message</Filter>
    </ClCompile>
    <ClCompile Include="..\..\Include\Message\GlobalDef.pb.cc">
      <Filter>Message</Filter>
    </ClCompile>
    <ClCompile Include="..\..\Include\Message\MessageBase.pb.cc">
      <Filter>Message</Filter>
    </ClCompile>
    <ClCompile Include="..\..\Include\Message\ServerMsg.pb.cc">
      <Filter>Message</Filter>
    </ClCompile>
  </ItemGroup>
  <ItemGroup>
    <ClInclude Include="CubbyApp.h">
      <Filter>Main</Filter>
    </ClInclude>
    <ClInclude Include="CubbyNetLogic.h">
      <Filter>NetInterface</Filter>
    </ClInclude>
    <ClInclude Include="GCSession.h">
      <Filter>NetInterface</Filter>
    </ClInclude>
    <ClInclude Include="..\..\Include\Common\ConfigManager.h">
      <Filter>Common</Filter>
    </ClInclude>
    <ClInclude Include="..\..\Include\Common\ConfigStruct.h">
      <Filter>Common</Filter>
    </ClInclude>
    <ClInclude Include="..\..\Include\Common\ProtoMessage.h">
      <Filter>Common</Filter>
    </ClInclude>
    <ClInclude Include="..\..\Include\Common\ServerDefine.h">
      <Filter>Common</Filter>
    </ClInclude>
    <ClInclude Include="..\..\Include\Message\ClientMsg.pb.h">
      <Filter>Message</Filter>
    </ClInclude>
    <ClInclude Include="..\..\Include\Message\GlobalDef.pb.h">
      <Filter>Message</Filter>
    </ClInclude>
    <ClInclude Include="..\..\Include\Message\MessageBase.pb.h">
      <Filter>Message</Filter>
    </ClInclude>
    <ClInclude Include="..\..\Include\Message\ServerMsg.pb.h">
      <Filter>Message</Filter>
    </ClInclude>
  </ItemGroup>
</Project>