<?xml version="1.0" encoding="utf-8"?>
<Project ToolsVersion="4.0" xmlns="http://schemas.microsoft.com/developer/msbuild/2003">
  <ItemGroup>
    <Filter Include="源文件">
      <UniqueIdentifier>{4FC737F1-C7A5-4376-A066-2A32D752A2FF}</UniqueIdentifier>
      <Extensions>cpp;c;cc;cxx;def;odl;idl;hpj;bat;asm;asmx</Extensions>
    </Filter>
    <Filter Include="头文件">
      <UniqueIdentifier>{93995380-89BD-4b04-88EB-625FBE52EBFB}</UniqueIdentifier>
      <Extensions>h;hh;hpp;hxx;hm;inl;inc;xsd</Extensions>
    </Filter>
    <Filter Include="资源文件">
      <UniqueIdentifier>{67DA6AB6-F800-4c08-8B7A-83BB121AAD01}</UniqueIdentifier>
      <Extensions>rc;ico;cur;bmp;dlg;rc2;rct;bin;rgs;gif;jpg;jpeg;jpe;resx;tiff;tif;png;wav;mfcribbon-ms</Extensions>
    </Filter>
    <Filter Include="Main">
      <UniqueIdentifier>{084ef52a-4883-449a-b776-10f7712d57c6}</UniqueIdentifier>
    </Filter>
    <Filter Include="NetInterface">
      <UniqueIdentifier>{5ce96cab-3422-4d9f-a734-85fe43b13c0f}</UniqueIdentifier>
    </Filter>
    <Filter Include="Common">
      <UniqueIdentifier>{7c1353c3-7b6d-44e7-ad95-8c4e3876b0b9}</UniqueIdentifier>
    </Filter>
    <Filter Include="Message">
      <UniqueIdentifier>{d92a1628-f917-4832-b2f2-66acf93d0b7c}</UniqueIdentifier>
    </Filter>
    <Filter Include="AppMgr">
      <UniqueIdentifier>{62c546ee-b173-45bb-8097-1daad32ea038}</UniqueIdentifier>
    </Filter>
    <Filter Include="Player">
      <UniqueIdentifier>{214a66c6-4b2c-444e-b04e-5a70d69474fc}</UniqueIdentifier>
    </Filter>
  </ItemGroup>
  <ItemGroup>
    <ClCompile Include="Main.cpp">
      <Filter>Main</Filter>
    </ClCompile>
    <ClCompile Include="BaseCenterApp.cpp">
      <Filter>Main</Filter>
    </ClCompile>
    <ClCompile Include="..\..\Include\Common\ConfigManager.cpp">
      <Filter>Common</Filter>
    </ClCompile>
    <ClCompile Include="DBSession.cpp">
      <Filter>NetInterface</Filter>
    </ClCompile>
    <ClCompile Include="BCNetLogic.cpp">
      <Filter>NetInterface</Filter>
    </ClCompile>
    <ClCompile Include="..\..\Include\Message\ServerMsg.pb.cc">
      <Filter>Message</Filter>
    </ClCompile>
    <ClCompile Include="..\..\Include\Message\ClientMsg.pb.cc">
      <Filter>Message</Filter>
    </ClCompile>
    <ClCompile Include="..\..\Include\Message\GlobalDef.pb.cc">
      <Filter>Message</Filter>
    </ClCompile>
    <ClCompile Include="..\..\Include\Message\MessageBase.pb.cc">
      <Filter>Message</Filter>
    </ClCompile>
    <ClCompile Include="..\..\Include\Common\ProtoMessage.cpp">
      <Filter>Common</Filter>
    </ClCompile>
    <ClCompile Include="BaseApp.cpp">
      <Filter>AppMgr</Filter>
    </ClCompile>
    <ClCompile Include="BaseAppManager.cpp">
      <Filter>AppMgr</Filter>
    </ClCompile>
    <ClCompile Include="BCPlayer.cpp">
      <Filter>Player</Filter>
    </ClCompile>
    <ClCompile Include="BCPlayerManager.cpp">
      <Filter>Player</Filter>
    </ClCompile>
    <ClCompile Include="App.cpp">
      <Filter>NetInterface</Filter>
    </ClCompile>
    <ClCompile Include="AppManager.cpp">
      <Filter>NetInterface</Filter>
    </ClCompile>
    <ClCompile Include="LoginApp.cpp">
      <Filter>AppMgr</Filter>
    </ClCompile>
    <ClCompile Include="LoginAppManager.cpp">
      <Filter>AppMgr</Filter>
    </ClCompile>
  </ItemGroup>
  <ItemGroup>
    <ClInclude Include="BaseCenterApp.h">
      <Filter>Main</Filter>
    </ClInclude>
    <ClInclude Include="..\..\Include\Common\ConfigManager.h">
      <Filter>Common</Filter>
    </ClInclude>
    <ClInclude Include="..\..\Include\Common\ConfigStruct.h">
      <Filter>Common</Filter>
    </ClInclude>
    <ClInclude Include="..\..\Include\Common\ServerDefine.h">
      <Filter>Common</Filter>
    </ClInclude>
    <ClInclude Include="DBSession.h">
      <Filter>NetInterface</Filter>
    </ClInclude>
    <ClInclude Include="BCNetLogic.h">
      <Filter>NetInterface</Filter>
    </ClInclude>
    <ClInclude Include="..\..\Include\Message\ClientMsg.pb.h">
      <Filter>Message</Filter>
    </ClInclude>
    <ClInclude Include="..\..\Include\Message\GlobalDef.pb.h">
      <Filter>Message</Filter>
    </ClInclude>
    <ClInclude Include="..\..\Include\Message\MessageBase.pb.h">
      <Filter>Message</Filter>
    </ClInclude>
    <ClInclude Include="..\..\Include\Message\ServerMsg.pb.h">
      <Filter>Message</Filter>
    </ClInclude>
    <ClInclude Include="..\..\Include\Common\ProtoMessage.h">
      <Filter>Common</Filter>
    </ClInclude>
    <ClInclude Include="BaseApp.h">
      <Filter>AppMgr</Filter>
    </ClInclude>
    <ClInclude Include="BaseAppManager.h">
      <Filter>AppMgr</Filter>
    </ClInclude>
    <ClInclude Include="BCPlayer.h">
      <Filter>Player</Filter>
    </ClInclude>
    <ClInclude Include="BCPlayerManager.h">
      <Filter>Player</Filter>
    </ClInclude>
    <ClInclude Include="AppManager.h">
      <Filter>NetInterface</Filter>
    </ClInclude>
    <ClInclude Include="App.h">
      <Filter>NetInterface</Filter>
    </ClInclude>
    <ClInclude Include="LoginApp.h">
      <Filter>AppMgr</Filter>
    </ClInclude>
    <ClInclude Include="LoginAppManager.h">
      <Filter>AppMgr</Filter>
    </ClInclude>
  </ItemGroup>
</Project>