<?xml version="1.0" encoding="utf-8"?>
<Project ToolsVersion="4.0" xmlns="http://schemas.microsoft.com/developer/msbuild/2003">
  <ItemGroup>
    <Filter Include="源文件">
      <UniqueIdentifier>{4FC737F1-C7A5-4376-A066-2A32D752A2FF}</UniqueIdentifier>
      <Extensions>cpp;c;cc;cxx;def;odl;idl;hpj;bat;asm;asmx</Extensions>
    </Filter>
    <Filter Include="头文件">
      <UniqueIdentifier>{93995380-89BD-4b04-88EB-625FBE52EBFB}</UniqueIdentifier>
      <Extensions>h;hh;hpp;hxx;hm;inl;inc;xsd</Extensions>
    </Filter>
    <Filter Include="资源文件">
      <UniqueIdentifier>{67DA6AB6-F800-4c08-8B7A-83BB121AAD01}</UniqueIdentifier>
      <Extensions>rc;ico;cur;bmp;dlg;rc2;rct;bin;rgs;gif;jpg;jpeg;jpe;resx;tiff;tif;png;wav;mfcribbon-ms</Extensions>
    </Filter>
    <Filter Include="Main">
      <UniqueIdentifier>{a52dca3c-7039-4d98-b510-1061b2cb9e59}</UniqueIdentifier>
    </Filter>
    <Filter Include="NetInterface">
      <UniqueIdentifier>{82bed0eb-b2f5-402c-901b-7497704deec8}</UniqueIdentifier>
    </Filter>
    <Filter Include="Common">
      <UniqueIdentifier>{6319304e-93f1-4013-a41d-acc3e2aba244}</UniqueIdentifier>
    </Filter>
    <Filter Include="Message">
      <UniqueIdentifier>{f3cfda7d-f399-4479-bdd8-ffb624abc4e0}</UniqueIdentifier>
    </Filter>
    <Filter Include="ClientMgr">
      <UniqueIdentifier>{92a8112b-44b5-434a-b53f-a3cbb02225e7}</UniqueIdentifier>
    </Filter>
  </ItemGroup>
  <ItemGroup>
    <ClInclude Include="..\..\Include\Common\ConfigStruct.h">
      <Filter>Common</Filter>
    </ClInclude>
    <ClInclude Include="..\..\Include\Common\ServerDefine.h">
      <Filter>Common</Filter>
    </ClInclude>
    <ClInclude Include="..\..\Include\Common\ConfigManager.h">
      <Filter>Common</Filter>
    </ClInclude>
    <ClInclude Include="LoginApp.h">
      <Filter>Main</Filter>
    </ClInclude>
    <ClInclude Include="BCSession.h">
      <Filter>NetInterface</Filter>
    </ClInclude>
    <ClInclude Include="LoginNetLogic.h">
      <Filter>NetInterface</Filter>
    </ClInclude>
    <ClInclude Include="..\..\Include\Common\ProtoMessage.h">
      <Filter>Common</Filter>
    </ClInclude>
    <ClInclude Include="..\..\Include\Message\ClientMsg.pb.h">
      <Filter>Message</Filter>
    </ClInclude>
    <ClInclude Include="..\..\Include\Message\GlobalDef.pb.h">
      <Filter>Message</Filter>
    </ClInclude>
    <ClInclude Include="..\..\Include\Message\MessageBase.pb.h">
      <Filter>Message</Filter>
    </ClInclude>
    <ClInclude Include="..\..\Include\Message\ServerMsg.pb.h">
      <Filter>Message</Filter>
    </ClInclude>
    <ClInclude Include="ClientManager.h">
      <Filter>ClientMgr</Filter>
    </ClInclude>
    <ClInclude Include="Client.h">
      <Filter>ClientMgr</Filter>
    </ClInclude>
  </ItemGroup>
  <ItemGroup>
    <ClCompile Include="..\..\Include\Common\ConfigManager.cpp">
      <Filter>Common</Filter>
    </ClCompile>
    <ClCompile Include="LoginApp.cpp">
      <Filter>Main</Filter>
    </ClCompile>
    <ClCompile Include="Main.cpp">
      <Filter>Main</Filter>
    </ClCompile>
    <ClCompile Include="BCSession.cpp">
      <Filter>NetInterface</Filter>
    </ClCompile>
    <ClCompile Include="LoginNetLogic.cpp">
      <Filter>NetInterface</Filter>
    </ClCompile>
    <ClCompile Include="..\..\Include\Common\ProtoMessage.cpp">
      <Filter>Common</Filter>
    </ClCompile>
    <ClCompile Include="..\..\Include\Message\ServerMsg.pb.cc">
      <Filter>Message</Filter>
    </ClCompile>
    <ClCompile Include="..\..\Include\Message\ClientMsg.pb.cc">
      <Filter>Message</Filter>
    </ClCompile>
    <ClCompile Include="..\..\Include\Message\GlobalDef.pb.cc">
      <Filter>Message</Filter>
    </ClCompile>
    <ClCompile Include="..\..\Include\Message\MessageBase.pb.cc">
      <Filter>Message</Filter>
    </ClCompile>
    <ClCompile Include="ClientManager.cpp">
      <Filter>ClientMgr</Filter>
    </ClCompile>
    <ClCompile Include="Client.cpp">
      <Filter>ClientMgr</Filter>
    </ClCompile>
  </ItemGroup>
</Project>